
Microsoft Visual Studio Solution File, Format Version 12.00
# Visual Studio Version 17
VisualStudioVersion = 17.2.32616.157
MinimumVisualStudioVersion = 10.0.40219.1
Project("{FAE04EC0-301F-11D3-BF4B-00C04F79EFBC}") = "HomeTask12.20.2022", "HomeTask12.20.2022\HomeTask12.20.2022.csproj", "{EB012309-D805-477B-B41F-90FC6DA3FC88}"
EndProject
Global
	GlobalSection(SolutionConfigurationPlatforms) = preSolution
		Debug|Any CPU = Debug|Any CPU
		Release|Any CPU = Release|Any CPU
	EndGlobalSection
	GlobalSection(ProjectConfigurationPlatforms) = postSolution
		{EB012309-D805-477B-B41F-90FC6DA3FC88}.Debug|Any CPU.ActiveCfg = Debug|Any CPU
		{EB012309-D805-477B-B41F-90FC6DA3FC88}.Debug|Any CPU.Build.0 = Debug|Any CPU
		{EB012309-D805-477B-B41F-90FC6DA3FC88}.Release|Any CPU.ActiveCfg = Release|Any CPU
		{EB012309-D805-477B-B41F-90FC6DA3FC88}.Release|Any CPU.Build.0 = Release|Any CPU
	EndGlobalSection
	GlobalSection(SolutionProperties) = preSolution
		HideSolutionNode = FALSE
	EndGlobalSection
	GlobalSection(ExtensibilityGlobals) = postSolution
		SolutionGuid = {6859F3EE-8218-465D-B053-98ED1EE87BE3}
	EndGlobalSection
EndGlobal
